
Microsoft Visual Studio Solution File, Format Version 12.00
# Visual Studio Version 17
VisualStudioVersion = 17.9.34723.18
MinimumVisualStudioVersion = 10.0.40219.1
Project("{FAE04EC0-301F-11D3-BF4B-00C04F79EFBC}") = "foody-be", "foody-be\foody-be.csproj", "{8F81AD8F-2650-4BA7-A67A-1CB9FDA26DBF}"
EndProject
Global
	GlobalSection(SolutionConfigurationPlatforms) = preSolution
		Debug|Any CPU = Debug|Any CPU
		Release|Any CPU = Release|Any CPU
	EndGlobalSection
	GlobalSection(ProjectConfigurationPlatforms) = postSolution
		{8F81AD8F-2650-4BA7-A67A-1CB9FDA26DBF}.Debug|Any CPU.ActiveCfg = Debug|Any CPU
		{8F81AD8F-2650-4BA7-A67A-1CB9FDA26DBF}.Debug|Any CPU.Build.0 = Debug|Any CPU
		{8F81AD8F-2650-4BA7-A67A-1CB9FDA26DBF}.Release|Any CPU.ActiveCfg = Release|Any CPU
		{8F81AD8F-2650-4BA7-A67A-1CB9FDA26DBF}.Release|Any CPU.Build.0 = Release|Any CPU
	EndGlobalSection
	GlobalSection(SolutionProperties) = preSolution
		HideSolutionNode = FALSE
	EndGlobalSection
	GlobalSection(ExtensibilityGlobals) = postSolution
		SolutionGuid = {251B1B54-18AA-45DB-AF92-1D3858DE5BBA}
	EndGlobalSection
EndGlobal
